// !$*UTF8*$!
{
	archiveVersion = 1;
	classes = {
	};
	objectVersion = 46;
	objects = {

/* Begin PBXBuildFile section */
		B1DA78231B897D7A00781203 /* main.m in Sources */ = {isa = PBXBuildFile; fileRef = B1DA78221B897D7A00781203 /* main.m */; };
		B1DA78261B897D7A00781203 /* AppDelegate.m in Sources */ = {isa = PBXBuildFile; fileRef = B1DA78251B897D7A00781203 /* AppDelegate.m */; };
		B1DA78291B897D7A00781203 /* ViewController.m in Sources */ = {isa = PBXBuildFile; fileRef = B1DA78281B897D7A00781203 /* ViewController.m */; };
		B1DA782C1B897D7A00781203 /* Main.storyboard in Resources */ = {isa = PBXBuildFile; fileRef = B1DA782A1B897D7A00781203 /* Main.storyboard */; };
		B1DA782E1B897D7A00781203 /* Assets.xcassets in Resources */ = {isa = PBXBuildFile; fileRef = B1DA782D1B897D7A00781203 /* Assets.xcassets */; };
		B1DA78311B897D7A00781203 /* LaunchScreen.storyboard in Resources */ = {isa = PBXBuildFile; fileRef = B1DA782F1B897D7A00781203 /* LaunchScreen.storyboard */; };
		B1DA783B1B897F0600781203 /* IZHairlineBorderView.m in Sources */ = {isa = PBXBuildFile; fileRef = B1DA783A1B897F0600781203 /* IZHairlineBorderView.m */; };
		B1DA783E1B89912000781203 /* IZHairlineBorderView.podspec in Resources */ = {isa = PBXBuildFile; fileRef = B1DA783D1B89912000781203 /* IZHairlineBorderView.podspec */; };
		B1DA78401B8991EA00781203 /* LICENSE.txt in Resources */ = {isa = PBXBuildFile; fileRef = B1DA783F1B8991EA00781203 /* LICENSE.txt */; };
/* End PBXBuildFile section */

/* Begin PBXFileReference section */
		B1DA781E1B897D7A00781203 /* IZHairlineBorderView.app */ = {isa = PBXFileReference; explicitFileType = wrapper.application; includeInIndex = 0; path = IZHairlineBorderView.app; sourceTree = BUILT_PRODUCTS_DIR; };
		B1DA78221B897D7A00781203 /* main.m */ = {isa = PBXFileReference; lastKnownFileType = sourcecode.c.objc; path = main.m; sourceTree = "<group>"; };
		B1DA78241B897D7A00781203 /* AppDelegate.h */ = {isa = PBXFileReference; lastKnownFileType = sourcecode.c.h; path = AppDelegate.h; sourceTree = "<group>"; };
		B1DA78251B897D7A00781203 /* AppDelegate.m */ = {isa = PBXFileReference; lastKnownFileType = sourcecode.c.objc; path = AppDelegate.m; sourceTree = "<group>"; };
		B1DA78271B897D7A00781203 /* ViewController.h */ = {isa = PBXFileReference; lastKnownFileType = sourcecode.c.h; path = ViewController.h; sourceTree = "<group>"; };
		B1DA78281B897D7A00781203 /* ViewController.m */ = {isa = PBXFileReference; lastKnownFileType = sourcecode.c.objc; path = ViewController.m; sourceTree = "<group>"; };
		B1DA782B1B897D7A00781203 /* Base */ = {isa = PBXFileReference; lastKnownFileType = file.storyboard; name = Base; path = Base.lproj/Main.storyboard; sourceTree = "<group>"; };
		B1DA782D1B897D7A00781203 /* Assets.xcassets */ = {isa = PBXFileReference; lastKnownFileType = folder.assetcatalog; path = Assets.xcassets; sourceTree = "<group>"; };
		B1DA78301B897D7A00781203 /* Base */ = {isa = PBXFileReference; lastKnownFileType = file.storyboard; name = Base; path = Base.lproj/LaunchScreen.storyboard; sourceTree = "<group>"; };
		B1DA78321B897D7A00781203 /* Info.plist */ = {isa = PBXFileReference; lastKnownFileType = text.plist.xml; path = Info.plist; sourceTree = "<group>"; };
		B1DA78391B897F0600781203 /* IZHairlineBorderView.h */ = {isa = PBXFileReference; fileEncoding = 4; lastKnownFileType = sourcecode.c.h; path = IZHairlineBorderView.h; sourceTree = "<group>"; };
		B1DA783A1B897F0600781203 /* IZHairlineBorderView.m */ = {isa = PBXFileReference; fileEncoding = 4; lastKnownFileType = sourcecode.c.objc; path = IZHairlineBorderView.m; sourceTree = "<group>"; };
		B1DA783D1B89912000781203 /* IZHairlineBorderView.podspec */ = {isa = PBXFileReference; fileEncoding = 4; lastKnownFileType = text; path = IZHairlineBorderView.podspec; sourceTree = "<group>"; };
		B1DA783F1B8991EA00781203 /* LICENSE.txt */ = {isa = PBXFileReference; fileEncoding = 4; lastKnownFileType = text; path = LICENSE.txt; sourceTree = "<group>"; };
/* End PBXFileReference section */

/* Begin PBXFrameworksBuildPhase section */
		B1DA781B1B897D7A00781203 /* Frameworks */ = {
			isa = PBXFrameworksBuildPhase;
			buildActionMask = 2147483647;
			files = (
			);
			runOnlyForDeploymentPostprocessing = 0;
		};
/* End PBXFrameworksBuildPhase section */

/* Begin PBXGroup section */
		B1DA78151B897D7A00781203 = {
			isa = PBXGroup;
			children = (
				B1DA783D1B89912000781203 /* IZHairlineBorderView.podspec */,
				B1DA783F1B8991EA00781203 /* LICENSE.txt */,
				B1DA78381B897DEC00781203 /* Classes */,
				B1DA78201B897D7A00781203 /* IZHairlineBorderView */,
				B1DA781F1B897D7A00781203 /* Products */,
			);
			sourceTree = "<group>";
		};
		B1DA781F1B897D7A00781203 /* Products */ = {
			isa = PBXGroup;
			children = (
				B1DA781E1B897D7A00781203 /* IZHairlineBorderView.app */,
			);
			name = Products;
			sourceTree = "<group>";
		};
		B1DA78201B897D7A00781203 /* IZHairlineBorderView */ = {
			isa = PBXGroup;
			children = (
				B1DA78241B897D7A00781203 /* AppDelegate.h */,
				B1DA78251B897D7A00781203 /* AppDelegate.m */,
				B1DA78271B897D7A00781203 /* ViewController.h */,
				B1DA78281B897D7A00781203 /* ViewController.m */,
				B1DA782A1B897D7A00781203 /* Main.storyboard */,
				B1DA782D1B897D7A00781203 /* Assets.xcassets */,
				B1DA782F1B897D7A00781203 /* LaunchScreen.storyboard */,
				B1DA78321B897D7A00781203 /* Info.plist */,
				B1DA78211B897D7A00781203 /* Supporting Files */,
			);
			path = IZHairlineBorderView;
			sourceTree = "<group>";
		};
		B1DA78211B897D7A00781203 /* Supporting Files */ = {
			isa = PBXGroup;
			children = (
				B1DA78221B897D7A00781203 /* main.m */,
			);
			name = "Supporting Files";
			sourceTree = "<group>";
		};
		B1DA78381B897DEC00781203 /* Classes */ = {
			isa = PBXGroup;
			children = (
				B1DA78391B897F0600781203 /* IZHairlineBorderView.h */,
				B1DA783A1B897F0600781203 /* IZHairlineBorderView.m */,
			);
			path = Classes;
			sourceTree = "<group>";
		};
/* End PBXGroup section */

/* Begin PBXNativeTarget section */
		B1DA781D1B897D7A00781203 /* IZHairlineBorderView */ = {
			isa = PBXNativeTarget;
			buildConfigurationList = B1DA78351B897D7A00781203 /* Build configuration list for PBXNativeTarget "IZHairlineBorderView" */;
			buildPhases = (
				B1DA781A1B897D7A00781203 /* Sources */,
				B1DA781B1B897D7A00781203 /* Frameworks */,
				B1DA781C1B897D7A00781203 /* Resources */,
			);
			buildRules = (
			);
			dependencies = (
			);
			name = IZHairlineBorderView;
			productName = IZHairlineBorderView;
			productReference = B1DA781E1B897D7A00781203 /* IZHairlineBorderView.app */;
			productType = "com.apple.product-type.application";
		};
/* End PBXNativeTarget section */

/* Begin PBXProject section */
		B1DA78161B897D7A00781203 /* Project object */ = {
			isa = PBXProject;
			attributes = {
				LastUpgradeCheck = 0700;
				ORGANIZATIONNAME = izrie;
				TargetAttributes = {
					B1DA781D1B897D7A00781203 = {
						CreatedOnToolsVersion = 7.0;
					};
				};
			};
			buildConfigurationList = B1DA78191B897D7A00781203 /* Build configuration list for PBXProject "IZHairlineBorderView" */;
			compatibilityVersion = "Xcode 3.2";
			developmentRegion = English;
			hasScannedForEncodings = 0;
			knownRegions = (
				en,
				Base,
			);
			mainGroup = B1DA78151B897D7A00781203;
			productRefGroup = B1DA781F1B897D7A00781203 /* Products */;
			projectDirPath = "";
			projectRoot = "";
			targets = (
				B1DA781D1B897D7A00781203 /* IZHairlineBorderView */,
			);
		};
/* End PBXProject section */

/* Begin PBXResourcesBuildPhase section */
		B1DA781C1B897D7A00781203 /* Resources */ = {
			isa = PBXResourcesBuildPhase;
			buildActionMask = 2147483647;
			files = (
				B1DA783E1B89912000781203 /* IZHairlineBorderView.podspec in Resources */,
				B1DA78311B897D7A00781203 /* LaunchScreen.storyboard in Resources */,
				B1DA782E1B897D7A00781203 /* Assets.xcassets in Resources */,
				B1DA78401B8991EA00781203 /* LICENSE.txt in Resources */,
				B1DA782C1B897D7A00781203 /* Main.storyboard in Resources */,
			);
			runOnlyForDeploymentPostprocessing = 0;
		};
/* End PBXResourcesBuildPhase section */

/* Begin PBXSourcesBuildPhase section */
		B1DA781A1B897D7A00781203 /* Sources */ = {
			isa = PBXSourcesBuildPhase;
			buildActionMask = 2147483647;
			files = (
				B1DA78291B897D7A00781203 /* ViewController.m in Sources */,
				B1DA783B1B897F0600781203 /* IZHairlineBorderView.m in Sources */,
				B1DA78261B897D7A00781203 /* AppDelegate.m in Sources */,
				B1DA78231B897D7A00781203 /* main.m in Sources */,
			);
			runOnlyForDeploymentPostprocessing = 0;
		};
/* End PBXSourcesBuildPhase section */

/* Begin PBXVariantGroup section */
		B1DA782A1B897D7A00781203 /* Main.storyboard */ = {
			isa = PBXVariantGroup;
			children = (
				B1DA782B1B897D7A00781203 /* Base */,
			);
			name = Main.storyboard;
			sourceTree = "<group>";
		};
		B1DA782F1B897D7A00781203 /* LaunchScreen.storyboard */ = {
			isa = PBXVariantGroup;
			children = (
				B1DA78301B897D7A00781203 /* Base */,
			);
			name = LaunchScreen.storyboard;
			sourceTree = "<group>";
		};
/* End PBXVariantGroup section */

/* Begin XCBuildConfiguration section */
		B1DA78331B897D7A00781203 /* Debug */ = {
			isa = XCBuildConfiguration;
			buildSettings = {
				ALWAYS_SEARCH_USER_PATHS = NO;
				CLANG_CXX_LANGUAGE_STANDARD = "gnu++0x";
				CLANG_CXX_LIBRARY = "libc++";
				CLANG_ENABLE_MODULES = YES;
				CLANG_ENABLE_OBJC_ARC = YES;
				CLANG_WARN_BOOL_CONVERSION = YES;
				CLANG_WARN_CONSTANT_CONVERSION = YES;
				CLANG_WARN_DIRECT_OBJC_ISA_USAGE = YES_ERROR;
				CLANG_WARN_EMPTY_BODY = YES;
				CLANG_WARN_ENUM_CONVERSION = YES;
				CLANG_WARN_INT_CONVERSION = YES;
				CLANG_WARN_OBJC_ROOT_CLASS = YES_ERROR;
				CLANG_WARN_UNREACHABLE_CODE = YES;
				CLANG_WARN__DUPLICATE_METHOD_MATCH = YES;
				"CODE_SIGN_IDENTITY[sdk=iphoneos*]" = "iPhone Developer";
				COPY_PHASE_STRIP = NO;
				DEBUG_INFORMATION_FORMAT = dwarf;
				ENABLE_STRICT_OBJC_MSGSEND = YES;
				ENABLE_TESTABILITY = YES;
				GCC_C_LANGUAGE_STANDARD = gnu99;
				GCC_DYNAMIC_NO_PIC = NO;
				GCC_NO_COMMON_BLOCKS = YES;
				GCC_OPTIMIZATION_LEVEL = 0;
				GCC_PREPROCESSOR_DEFINITIONS = (
					"DEBUG=1",
					"$(inherited)",
				);
				GCC_WARN_64_TO_32_BIT_CONVERSION = YES;
				GCC_WARN_ABOUT_RETURN_TYPE = YES_ERROR;
				GCC_WARN_UNDECLARED_SELECTOR = YES;
				GCC_WARN_UNINITIALIZED_AUTOS = YES_AGGRESSIVE;
				GCC_WARN_UNUSED_FUNCTION = YES;
				GCC_WARN_UNUSED_VARIABLE = YES;
				IPHONEOS_DEPLOYMENT_TARGET = 9.0;
				MTL_ENABLE_DEBUG_INFO = YES;
				ONLY_ACTIVE_ARCH = YES;
				SDKROOT = iphoneos;
				TARGETED_DEVICE_FAMILY = "1,2";
			};
			name = Debug;
		};
		B1DA78341B897D7A00781203 /* Release */ = {
			isa = XCBuildConfiguration;
			buildSettings = {
				ALWAYS_SEARCH_USER_PATHS = NO;
				CLANG_CXX_LANGUAGE_STANDARD = "gnu++0x";
				CLANG_CXX_LIBRARY = "libc++";
				CLANG_ENABLE_MODULES = YES;
				CLANG_ENABLE_OBJC_ARC = YES;
				CLANG_WARN_BOOL_CONVERSION = YES;
				CLANG_WARN_CONSTANT_CONVERSION = YES;
				CLANG_WARN_DIRECT_OBJC_ISA_USAGE = YES_ERROR;
				CLANG_WARN_EMPTY_BODY = YES;
				CLANG_WARN_ENUM_CONVERSION = YES;
				CLANG_WARN_INT_CONVERSION = YES;
				CLANG_WARN_OBJC_ROOT_CLASS = YES_ERROR;
				CLANG_WARN_UNREACHABLE_CODE = YES;
				CLANG_WARN__DUPLICATE_METHOD_MATCH = YES;
				"CODE_SIGN_IDENTITY[sdk=iphoneos*]" = "iPhone Developer";
				COPY_PHASE_STRIP = NO;
				DEBUG_INFORMATION_FORMAT = "dwarf-with-dsym";
				ENABLE_NS_ASSERTIONS = NO;
				ENABLE_STRICT_OBJC_MSGSEND = YES;
				GCC_C_LANGUAGE_STANDARD = gnu99;
				GCC_NO_COMMON_BLOCKS = YES;
				GCC_WARN_64_TO_32_BIT_CONVERSION = YES;
				GCC_WARN_ABOUT_RETURN_TYPE = YES_ERROR;
				GCC_WARN_UNDECLARED_SELECTOR = YES;
				GCC_WARN_UNINITIALIZED_AUTOS = YES_AGGRESSIVE;
				GCC_WARN_UNUSED_FUNCTION = YES;
				GCC_WARN_UNUSED_VARIABLE = YES;
				IPHONEOS_DEPLOYMENT_TARGET = 9.0;
				MTL_ENABLE_DEBUG_INFO = NO;
				SDKROOT = iphoneos;
				TARGETED_DEVICE_FAMILY = "1,2";
				VALIDATE_PRODUCT = YES;
			};
			name = Release;
		};
		B1DA78361B897D7A00781203 /* Debug */ = {
			isa = XCBuildConfiguration;
			buildSettings = {
				ASSETCATALOG_COMPILER_APPICON_NAME = AppIcon;
				INFOPLIST_FILE = IZHairlineBorderView/Info.plist;
				IPHONEOS_DEPLOYMENT_TARGET = 6.0;
				LD_RUNPATH_SEARCH_PATHS = "$(inherited) @executable_path/Frameworks";
				PRODUCT_BUNDLE_IDENTIFIER = com.polapooh.IZHairlineBorderView;
				PRODUCT_NAME = "$(TARGET_NAME)";
			};
			name = Debug;
		};
		B1DA78371B897D7A00781203 /* Release */ = {
			isa = XCBuildConfiguration;
			buildSettings = {
				ASSETCATALOG_COMPILER_APPICON_NAME = AppIcon;
				INFOPLIST_FILE = IZHairlineBorderView/Info.plist;
				IPHONEOS_DEPLOYMENT_TARGET = 6.0;
				LD_RUNPATH_SEARCH_PATHS = "$(inherited) @executable_path/Frameworks";
				PRODUCT_BUNDLE_IDENTIFIER = com.polapooh.IZHairlineBorderView;
				PRODUCT_NAME = "$(TARGET_NAME)";
			};
			name = Release;
		};
/* End XCBuildConfiguration section */

/* Begin XCConfigurationList section */
		B1DA78191B897D7A00781203 /* Build configuration list for PBXProject "IZHairlineBorderView" */ = {
			isa = XCConfigurationList;
			buildConfigurations = (
				B1DA78331B897D7A00781203 /* Debug */,
				B1DA78341B897D7A00781203 /* Release */,
			);
			defaultConfigurationIsVisible = 0;
			defaultConfigurationName = Release;
		};
		B1DA78351B897D7A00781203 /* Build configuration list for PBXNativeTarget "IZHairlineBorderView" */ = {
			isa = XCConfigurationList;
			buildConfigurations = (
				B1DA78361B897D7A00781203 /* Debug */,
				B1DA78371B897D7A00781203 /* Release */,
			);
			defaultConfigurationIsVisible = 0;
			defaultConfigurationName = Release;
		};
/* End XCConfigurationList section */
	};
	rootObject = B1DA78161B897D7A00781203 /* Project object */;
}
